{
  "requires": true,
  "lockfileVersion": 1,
  "dependencies": {
    "bootswatch": {
      "version": "4.5.0",
      "resolved": "https://registry.npmjs.org/bootswatch/-/bootswatch-4.5.0.tgz",
      "integrity": "sha512-kAfYTTWIsgUOA5nybJNM4yvOpwxm37eIb1DFZlD5jLgPttK+bLJTt9UpKWAoMQZRBQbWfC1O1w1P5PGU7lz83Q=="
    },
    "highlight.js": {
      "version": "10.1.2",
      "resolved": "https://registry.npmjs.org/highlight.js/-/highlight.js-10.1.2.tgz",
      "integrity": "sha512-Q39v/Mn5mfBlMff9r+zzA+gWxRsCRKwEMvYTiisLr/XUiFI/4puWt0Ojdko3R3JCNWGdOWaA5g/Yxqa23kC5AA=="
    }
  }
}
